
Microsoft Visual Studio Solution File, Format Version 12.00
# Visual Studio Version 17
VisualStudioVersion = 17.7.34031.279
MinimumVisualStudioVersion = 10.0.40219.1
Project("{FAE04EC0-301F-11D3-BF4B-00C04F79EFBC}") = "StockQuoteAlert", "StockQuoteAlert.csproj", "{A17ECAAB-8AB6-4E9A-A3E5-949E9E5E2A68}"
EndProject
Global
	GlobalSection(SolutionConfigurationPlatforms) = preSolution
		Debug|Any CPU = Debug|Any CPU
		Release|Any CPU = Release|Any CPU
	EndGlobalSection
	GlobalSection(ProjectConfigurationPlatforms) = postSolution
		{A17ECAAB-8AB6-4E9A-A3E5-949E9E5E2A68}.Debug|Any CPU.ActiveCfg = Debug|Any CPU
		{A17ECAAB-8AB6-4E9A-A3E5-949E9E5E2A68}.Debug|Any CPU.Build.0 = Debug|Any CPU
		{A17ECAAB-8AB6-4E9A-A3E5-949E9E5E2A68}.Release|Any CPU.ActiveCfg = Release|Any CPU
		{A17ECAAB-8AB6-4E9A-A3E5-949E9E5E2A68}.Release|Any CPU.Build.0 = Release|Any CPU
	EndGlobalSection
	GlobalSection(SolutionProperties) = preSolution
		HideSolutionNode = FALSE
	EndGlobalSection
	GlobalSection(ExtensibilityGlobals) = postSolution
		SolutionGuid = {CFDD8437-3371-49D4-B83A-73616C09FDBF}
	EndGlobalSection
EndGlobal
